
Microsoft Visual Studio Solution File, Format Version 12.00
# Visual Studio Version 17
VisualStudioVersion = 17.13.35931.197 d17.13
MinimumVisualStudioVersion = 10.0.40219.1
Project("{FAE04EC0-301F-11D3-BF4B-00C04F79EFBC}") = "A2AnshChhabra", "A2AnshChhabra.csproj", "{199A04CC-E3D5-4CBB-B7E1-7C8105D956E4}"
EndProject
Global
	GlobalSection(SolutionConfigurationPlatforms) = preSolution
		Debug|Any CPU = Debug|Any CPU
		Release|Any CPU = Release|Any CPU
	EndGlobalSection
	GlobalSection(ProjectConfigurationPlatforms) = postSolution
		{199A04CC-E3D5-4CBB-B7E1-7C8105D956E4}.Debug|Any CPU.ActiveCfg = Debug|Any CPU
		{199A04CC-E3D5-4CBB-B7E1-7C8105D956E4}.Debug|Any CPU.Build.0 = Debug|Any CPU
		{199A04CC-E3D5-4CBB-B7E1-7C8105D956E4}.Release|Any CPU.ActiveCfg = Release|Any CPU
		{199A04CC-E3D5-4CBB-B7E1-7C8105D956E4}.Release|Any CPU.Build.0 = Release|Any CPU
	EndGlobalSection
	GlobalSection(SolutionProperties) = preSolution
		HideSolutionNode = FALSE
	EndGlobalSection
	GlobalSection(ExtensibilityGlobals) = postSolution
		SolutionGuid = {C0C2C4D6-1D4F-49DB-B5EB-F38F375A3039}
	EndGlobalSection
EndGlobal
